
Microsoft Visual Studio Solution File, Format Version 12.00
# Visual Studio Version 17
VisualStudioVersion = 17.6.33815.320
MinimumVisualStudioVersion = 10.0.40219.1
Project("{FAE04EC0-301F-11D3-BF4B-00C04F79EFBC}") = "Phase3Section2.5", "Phase3Section2.5\Phase3Section2.5.csproj", "{F05A0110-3944-4B4B-9C97-472A13B2126F}"
EndProject
Global
	GlobalSection(SolutionConfigurationPlatforms) = preSolution
		Debug|Any CPU = Debug|Any CPU
		Release|Any CPU = Release|Any CPU
	EndGlobalSection
	GlobalSection(ProjectConfigurationPlatforms) = postSolution
		{F05A0110-3944-4B4B-9C97-472A13B2126F}.Debug|Any CPU.ActiveCfg = Debug|Any CPU
		{F05A0110-3944-4B4B-9C97-472A13B2126F}.Debug|Any CPU.Build.0 = Debug|Any CPU
		{F05A0110-3944-4B4B-9C97-472A13B2126F}.Release|Any CPU.ActiveCfg = Release|Any CPU
		{F05A0110-3944-4B4B-9C97-472A13B2126F}.Release|Any CPU.Build.0 = Release|Any CPU
	EndGlobalSection
	GlobalSection(SolutionProperties) = preSolution
		HideSolutionNode = FALSE
	EndGlobalSection
	GlobalSection(ExtensibilityGlobals) = postSolution
		SolutionGuid = {6A5903E7-DD0E-443C-83F6-C2884231FA82}
	EndGlobalSection
EndGlobal
